{
  "nodes": {
    "nixpkgs": {
      "locked": {
        "lastModified": 1685625254,
        "narHash": "sha256-Hs+Xg20rRSRneMRNYtYu20l25buQ0zSydsw2fj7XYiI=",
        "owner": "NixOS",
        "repo": "nixpkgs",
        "rev": "0461dd66cfd0d74146a737fa511e3957f68bf26a",
        "type": "github"
      },
      "original": {
        "id": "nixpkgs",
        "ref": "release-23.05",
        "type": "indirect"
      }
    },
    "npmlock2nix": {
      "flake": false,
      "locked": {
        "lastModified": 1703439378,
        "narHash": "sha256-3hUfLQzQs+yFm6m8UKwVWk3YYGO+mJz30hiY7Rzl2IU=",
        "owner": "icewind1991",
        "repo": "npmlock2nix",
        "rev": "5007d6470672585fcb28712606af195f73bf9bab",
        "type": "github"
      },
      "original": {
        "owner": "icewind1991",
        "ref": "local-packages",
        "repo": "npmlock2nix",
        "type": "github"
      }
    },
    "root": {
      "inputs": {
        "nixpkgs": "nixpkgs",
        "npmlock2nix": "npmlock2nix",
        "rust-overlay": "rust-overlay",
        "utils": "utils"
      }
    },
    "rust-overlay": {
      "inputs": {
        "flake-utils": [
          "utils"
        ],
        "nixpkgs": [
          "nixpkgs"
        ]
      },
      "locked": {
        "lastModified": 1685587239,
        "narHash": "sha256-zpOir1AWpWyQscP5dMpqMrCgBzjzH7Wv0FNUsQ0dcS0=",
        "owner": "oxalica",
        "repo": "rust-overlay",
        "rev": "acb7e896a73b0cf2c6ffe40b2051eb7f88fc2a10",
        "type": "github"
      },
      "original": {
        "owner": "oxalica",
        "repo": "rust-overlay",
        "type": "github"
      }
    },
    "systems": {
      "locked": {
        "lastModified": 1681028828,
        "narHash": "sha256-Vy1rq5AaRuLzOxct8nz4T6wlgyUR7zLU309k9mBC768=",
        "owner": "nix-systems",
        "repo": "default",
        "rev": "da67096a3b9bf56a91d16901293e51ba5b49a27e",
        "type": "github"
      },
      "original": {
        "owner": "nix-systems",
        "repo": "default",
        "type": "github"
      }
    },
    "utils": {
      "inputs": {
        "systems": "systems"
      },
      "locked": {
        "lastModified": 1685518550,
        "narHash": "sha256-o2d0KcvaXzTrPRIo0kOLV0/QXHhDQ5DTi+OxcjO8xqY=",
        "owner": "numtide",
        "repo": "flake-utils",
        "rev": "a1720a10a6cfe8234c0e93907ffe81be440f4cef",
        "type": "github"
      },
      "original": {
        "owner": "numtide",
        "repo": "flake-utils",
        "type": "github"
      }
    }
  },
  "root": "root",
  "version": 7
}
