{
  "nodes": {
    "nixpkgs": {
      "locked": {
        "lastModified": 1674902473,
        "narHash": "sha256-MdKJeeDTjCtmoVPWLEDg10jgknt6rqTO3c1WeNQtho4=",
        "owner": "NixOS",
        "repo": "nixpkgs",
        "rev": "548896f4d9f7db2f7205d82727d6c03c86d2f896",
        "type": "github"
      },
      "original": {
        "id": "nixpkgs",
        "ref": "release-22.11",
        "type": "indirect"
      }
    },
    "npmlock2nix": {
      "flake": false,
      "locked": {
        "lastModified": 1673447413,
        "narHash": "sha256-sJM82Sj8yfQYs9axEmGZ9Evzdv/kDcI9sddqJ45frrU=",
        "owner": "nix-community",
        "repo": "npmlock2nix",
        "rev": "9197bbf397d76059a76310523d45df10d2e4ca81",
        "type": "github"
      },
      "original": {
        "owner": "nix-community",
        "repo": "npmlock2nix",
        "type": "github"
      }
    },
    "root": {
      "inputs": {
        "nixpkgs": "nixpkgs",
        "npmlock2nix": "npmlock2nix",
        "rust-overlay": "rust-overlay",
        "utils": "utils"
      }
    },
    "rust-overlay": {
      "inputs": {
        "flake-utils": [
          "utils"
        ],
        "nixpkgs": [
          "nixpkgs"
        ]
      },
      "locked": {
        "lastModified": 1674872860,
        "narHash": "sha256-IH6FckXyjJ4atdYzIIkBBILucoFmjAqvm+NWqFqcmHg=",
        "owner": "oxalica",
        "repo": "rust-overlay",
        "rev": "bbc57d7aac4ac1ec0a68ff77a22d03622cc11246",
        "type": "github"
      },
      "original": {
        "owner": "oxalica",
        "repo": "rust-overlay",
        "type": "github"
      }
    },
    "utils": {
      "locked": {
        "lastModified": 1667395993,
        "narHash": "sha256-nuEHfE/LcWyuSWnS8t12N1wc105Qtau+/OdUAjtQ0rA=",
        "owner": "numtide",
        "repo": "flake-utils",
        "rev": "5aed5285a952e0b949eb3ba02c12fa4fcfef535f",
        "type": "github"
      },
      "original": {
        "owner": "numtide",
        "repo": "flake-utils",
        "type": "github"
      }
    }
  },
  "root": "root",
  "version": 7
}
